// !$*UTF8*$!
{
	archiveVersion = 1;
	classes = {
	};
	objectVersion = 55;
	objects = {

/* Begin PBXBuildFile section */
		836E86492809A2C5006EB6D9 /* CoinDataService.swift in Sources */ = {isa = PBXBuildFile; fileRef = 836E86482809A2C5006EB6D9 /* CoinDataService.swift */; };
		836E864C28161B4B006EB6D9 /* NetworkingManager.swift in Sources */ = {isa = PBXBuildFile; fileRef = 836E864B28161B4B006EB6D9 /* NetworkingManager.swift */; };
		838AD18B2808E5040035F0C5 /* CryptoAppApp.swift in Sources */ = {isa = PBXBuildFile; fileRef = 838AD18A2808E5040035F0C5 /* CryptoAppApp.swift */; };
		838AD18D2808E5040035F0C5 /* ContentView.swift in Sources */ = {isa = PBXBuildFile; fileRef = 838AD18C2808E5040035F0C5 /* ContentView.swift */; };
		838AD18F2808E5050035F0C5 /* Assets.xcassets in Resources */ = {isa = PBXBuildFile; fileRef = 838AD18E2808E5050035F0C5 /* Assets.xcassets */; };
		838AD1922808E5050035F0C5 /* Preview Assets.xcassets in Resources */ = {isa = PBXBuildFile; fileRef = 838AD1912808E5050035F0C5 /* Preview Assets.xcassets */; };
		838AD19A2808EAB50035F0C5 /* Color.swift in Sources */ = {isa = PBXBuildFile; fileRef = 838AD1992808EAB50035F0C5 /* Color.swift */; };
		838AD19F2808EE130035F0C5 /* HomeView.swift in Sources */ = {isa = PBXBuildFile; fileRef = 838AD19E2808EE130035F0C5 /* HomeView.swift */; };
		838AD1A22808F0C10035F0C5 /* CircleButton.swift in Sources */ = {isa = PBXBuildFile; fileRef = 838AD1A12808F0C10035F0C5 /* CircleButton.swift */; };
		838AD1A42808F5310035F0C5 /* CircleButtonAnimationView.swift in Sources */ = {isa = PBXBuildFile; fileRef = 838AD1A32808F5310035F0C5 /* CircleButtonAnimationView.swift */; };
		838AD1AC280901620035F0C5 /* CoinModel.swift in Sources */ = {isa = PBXBuildFile; fileRef = 838AD1AB280901620035F0C5 /* CoinModel.swift */; };
		838AD1AE280907C40035F0C5 /* CoinRowView.swift in Sources */ = {isa = PBXBuildFile; fileRef = 838AD1AD280907C40035F0C5 /* CoinRowView.swift */; };
		838AD1B0280908290035F0C5 /* PreviewProvider.swift in Sources */ = {isa = PBXBuildFile; fileRef = 838AD1AF280908290035F0C5 /* PreviewProvider.swift */; };
		838AD1B228090C630035F0C5 /* Double.swift in Sources */ = {isa = PBXBuildFile; fileRef = 838AD1B128090C630035F0C5 /* Double.swift */; };
		838AD1B4280916FE0035F0C5 /* HomeViewModel.swift in Sources */ = {isa = PBXBuildFile; fileRef = 838AD1B3280916FE0035F0C5 /* HomeViewModel.swift */; };
		839CD1E0281C60EB00DFC77B /* CoinImageView.swift in Sources */ = {isa = PBXBuildFile; fileRef = 839CD1DF281C60EB00DFC77B /* CoinImageView.swift */; };
		839CD1E2281C629E00DFC77B /* CoinImageService.swift in Sources */ = {isa = PBXBuildFile; fileRef = 839CD1E1281C629E00DFC77B /* CoinImageService.swift */; };
		839CD1E4281C66F300DFC77B /* CoinImageViewModel.swift in Sources */ = {isa = PBXBuildFile; fileRef = 839CD1E3281C66F300DFC77B /* CoinImageViewModel.swift */; };
		839CD1E6281C80EF00DFC77B /* LocalFileManager.swift in Sources */ = {isa = PBXBuildFile; fileRef = 839CD1E5281C80EF00DFC77B /* LocalFileManager.swift */; };
		839CD1E8281DD12700DFC77B /* SearchBarView.swift in Sources */ = {isa = PBXBuildFile; fileRef = 839CD1E7281DD12700DFC77B /* SearchBarView.swift */; };
		839CD1EA281DD50800DFC77B /* UIApplication.swift in Sources */ = {isa = PBXBuildFile; fileRef = 839CD1E9281DD50800DFC77B /* UIApplication.swift */; };
/* End PBXBuildFile section */

/* Begin PBXFileReference section */
		836E86482809A2C5006EB6D9 /* CoinDataService.swift */ = {isa = PBXFileReference; lastKnownFileType = sourcecode.swift; path = CoinDataService.swift; sourceTree = "<group>"; };
		836E864B28161B4B006EB6D9 /* NetworkingManager.swift */ = {isa = PBXFileReference; lastKnownFileType = sourcecode.swift; path = NetworkingManager.swift; sourceTree = "<group>"; };
		838AD1872808E5040035F0C5 /* CryptoApp.app */ = {isa = PBXFileReference; explicitFileType = wrapper.application; includeInIndex = 0; path = CryptoApp.app; sourceTree = BUILT_PRODUCTS_DIR; };
		838AD18A2808E5040035F0C5 /* CryptoAppApp.swift */ = {isa = PBXFileReference; lastKnownFileType = sourcecode.swift; path = CryptoAppApp.swift; sourceTree = "<group>"; };
		838AD18C2808E5040035F0C5 /* ContentView.swift */ = {isa = PBXFileReference; lastKnownFileType = sourcecode.swift; path = ContentView.swift; sourceTree = "<group>"; };
		838AD18E2808E5050035F0C5 /* Assets.xcassets */ = {isa = PBXFileReference; lastKnownFileType = folder.assetcatalog; path = Assets.xcassets; sourceTree = "<group>"; };
		838AD1912808E5050035F0C5 /* Preview Assets.xcassets */ = {isa = PBXFileReference; lastKnownFileType = folder.assetcatalog; path = "Preview Assets.xcassets"; sourceTree = "<group>"; };
		838AD1992808EAB50035F0C5 /* Color.swift */ = {isa = PBXFileReference; lastKnownFileType = sourcecode.swift; path = Color.swift; sourceTree = "<group>"; };
		838AD19E2808EE130035F0C5 /* HomeView.swift */ = {isa = PBXFileReference; lastKnownFileType = sourcecode.swift; path = HomeView.swift; sourceTree = "<group>"; };
		838AD1A12808F0C10035F0C5 /* CircleButton.swift */ = {isa = PBXFileReference; lastKnownFileType = sourcecode.swift; path = CircleButton.swift; sourceTree = "<group>"; };
		838AD1A32808F5310035F0C5 /* CircleButtonAnimationView.swift */ = {isa = PBXFileReference; lastKnownFileType = sourcecode.swift; path = CircleButtonAnimationView.swift; sourceTree = "<group>"; };
		838AD1AB280901620035F0C5 /* CoinModel.swift */ = {isa = PBXFileReference; lastKnownFileType = sourcecode.swift; path = CoinModel.swift; sourceTree = "<group>"; };
		838AD1AD280907C40035F0C5 /* CoinRowView.swift */ = {isa = PBXFileReference; lastKnownFileType = sourcecode.swift; path = CoinRowView.swift; sourceTree = "<group>"; };
		838AD1AF280908290035F0C5 /* PreviewProvider.swift */ = {isa = PBXFileReference; lastKnownFileType = sourcecode.swift; path = PreviewProvider.swift; sourceTree = "<group>"; };
		838AD1B128090C630035F0C5 /* Double.swift */ = {isa = PBXFileReference; fileEncoding = 4; lastKnownFileType = sourcecode.swift; path = Double.swift; sourceTree = "<group>"; };
		838AD1B3280916FE0035F0C5 /* HomeViewModel.swift */ = {isa = PBXFileReference; lastKnownFileType = sourcecode.swift; path = HomeViewModel.swift; sourceTree = "<group>"; };
		839CD1DF281C60EB00DFC77B /* CoinImageView.swift */ = {isa = PBXFileReference; lastKnownFileType = sourcecode.swift; path = CoinImageView.swift; sourceTree = "<group>"; };
		839CD1E1281C629E00DFC77B /* CoinImageService.swift */ = {isa = PBXFileReference; lastKnownFileType = sourcecode.swift; path = CoinImageService.swift; sourceTree = "<group>"; };
		839CD1E3281C66F300DFC77B /* CoinImageViewModel.swift */ = {isa = PBXFileReference; lastKnownFileType = sourcecode.swift; path = CoinImageViewModel.swift; sourceTree = "<group>"; };
		839CD1E5281C80EF00DFC77B /* LocalFileManager.swift */ = {isa = PBXFileReference; lastKnownFileType = sourcecode.swift; path = LocalFileManager.swift; sourceTree = "<group>"; };
		839CD1E7281DD12700DFC77B /* SearchBarView.swift */ = {isa = PBXFileReference; lastKnownFileType = sourcecode.swift; path = SearchBarView.swift; sourceTree = "<group>"; };
		839CD1E9281DD50800DFC77B /* UIApplication.swift */ = {isa = PBXFileReference; lastKnownFileType = sourcecode.swift; path = UIApplication.swift; sourceTree = "<group>"; };
/* End PBXFileReference section */

/* Begin PBXFrameworksBuildPhase section */
		838AD1842808E5040035F0C5 /* Frameworks */ = {
			isa = PBXFrameworksBuildPhase;
			buildActionMask = 2147483647;
			files = (
			);
			runOnlyForDeploymentPostprocessing = 0;
		};
/* End PBXFrameworksBuildPhase section */

/* Begin PBXGroup section */
		836E86472809A29C006EB6D9 /* Services */ = {
			isa = PBXGroup;
			children = (
				836E86482809A2C5006EB6D9 /* CoinDataService.swift */,
				839CD1E1281C629E00DFC77B /* CoinImageService.swift */,
			);
			path = Services;
			sourceTree = "<group>";
		};
		836E864A28161B08006EB6D9 /* Utilities */ = {
			isa = PBXGroup;
			children = (
				836E864B28161B4B006EB6D9 /* NetworkingManager.swift */,
				839CD1E5281C80EF00DFC77B /* LocalFileManager.swift */,
			);
			path = Utilities;
			sourceTree = "<group>";
		};
		838AD17E2808E5040035F0C5 = {
			isa = PBXGroup;
			children = (
				838AD1892808E5040035F0C5 /* CryptoApp */,
				838AD1882808E5040035F0C5 /* Products */,
			);
			sourceTree = "<group>";
		};
		838AD1882808E5040035F0C5 /* Products */ = {
			isa = PBXGroup;
			children = (
				838AD1872808E5040035F0C5 /* CryptoApp.app */,
			);
			name = Products;
			sourceTree = "<group>";
		};
		838AD1892808E5040035F0C5 /* CryptoApp */ = {
			isa = PBXGroup;
			children = (
				838AD18A2808E5040035F0C5 /* CryptoAppApp.swift */,
				836E864A28161B08006EB6D9 /* Utilities */,
				838AD1982808EAA20035F0C5 /* Extensions */,
				836E86472809A29C006EB6D9 /* Services */,
				838AD1AA280901460035F0C5 /* Models */,
				838AD19B2808EDA60035F0C5 /* Core */,
				838AD18C2808E5040035F0C5 /* ContentView.swift */,
				838AD18E2808E5050035F0C5 /* Assets.xcassets */,
				838AD1902808E5050035F0C5 /* Preview Content */,
			);
			path = CryptoApp;
			sourceTree = "<group>";
		};
		838AD1902808E5050035F0C5 /* Preview Content */ = {
			isa = PBXGroup;
			children = (
				838AD1912808E5050035F0C5 /* Preview Assets.xcassets */,
			);
			path = "Preview Content";
			sourceTree = "<group>";
		};
		838AD1982808EAA20035F0C5 /* Extensions */ = {
			isa = PBXGroup;
			children = (
				838AD1992808EAB50035F0C5 /* Color.swift */,
				838AD1B128090C630035F0C5 /* Double.swift */,
				838AD1AF280908290035F0C5 /* PreviewProvider.swift */,
				839CD1E9281DD50800DFC77B /* UIApplication.swift */,
			);
			path = Extensions;
			sourceTree = "<group>";
		};
		838AD19B2808EDA60035F0C5 /* Core */ = {
			isa = PBXGroup;
			children = (
				838AD1A02808F0AC0035F0C5 /* Components */,
				838AD19C2808EDBB0035F0C5 /* ViewModels */,
				838AD19D2808EDF70035F0C5 /* Views */,
			);
			path = Core;
			sourceTree = "<group>";
		};
		838AD19C2808EDBB0035F0C5 /* ViewModels */ = {
			isa = PBXGroup;
			children = (
				838AD1B3280916FE0035F0C5 /* HomeViewModel.swift */,
			);
			path = ViewModels;
			sourceTree = "<group>";
		};
		838AD19D2808EDF70035F0C5 /* Views */ = {
			isa = PBXGroup;
			children = (
				838AD19E2808EE130035F0C5 /* HomeView.swift */,
				838AD1AD280907C40035F0C5 /* CoinRowView.swift */,
			);
			path = Views;
			sourceTree = "<group>";
		};
		838AD1A02808F0AC0035F0C5 /* Components */ = {
			isa = PBXGroup;
			children = (
				839CD1DE281C60D900DFC77B /* CoinImage */,
				838AD1A12808F0C10035F0C5 /* CircleButton.swift */,
				838AD1A32808F5310035F0C5 /* CircleButtonAnimationView.swift */,
				839CD1E7281DD12700DFC77B /* SearchBarView.swift */,
			);
			path = Components;
			sourceTree = "<group>";
		};
		838AD1AA280901460035F0C5 /* Models */ = {
			isa = PBXGroup;
			children = (
				838AD1AB280901620035F0C5 /* CoinModel.swift */,
			);
			path = Models;
			sourceTree = "<group>";
		};
		839CD1DE281C60D900DFC77B /* CoinImage */ = {
			isa = PBXGroup;
			children = (
				839CD1DF281C60EB00DFC77B /* CoinImageView.swift */,
				839CD1E3281C66F300DFC77B /* CoinImageViewModel.swift */,
			);
			path = CoinImage;
			sourceTree = "<group>";
		};
/* End PBXGroup section */

/* Begin PBXNativeTarget section */
		838AD1862808E5040035F0C5 /* CryptoApp */ = {
			isa = PBXNativeTarget;
			buildConfigurationList = 838AD1952808E5050035F0C5 /* Build configuration list for PBXNativeTarget "CryptoApp" */;
			buildPhases = (
				838AD1832808E5040035F0C5 /* Sources */,
				838AD1842808E5040035F0C5 /* Frameworks */,
				838AD1852808E5040035F0C5 /* Resources */,
			);
			buildRules = (
			);
			dependencies = (
			);
			name = CryptoApp;
			productName = CryptoApp;
			productReference = 838AD1872808E5040035F0C5 /* CryptoApp.app */;
			productType = "com.apple.product-type.application";
		};
/* End PBXNativeTarget section */

/* Begin PBXProject section */
		838AD17F2808E5040035F0C5 /* Project object */ = {
			isa = PBXProject;
			attributes = {
				BuildIndependentTargetsInParallel = 1;
				LastSwiftUpdateCheck = 1330;
				LastUpgradeCheck = 1330;
				TargetAttributes = {
					838AD1862808E5040035F0C5 = {
						CreatedOnToolsVersion = 13.3.1;
					};
				};
			};
			buildConfigurationList = 838AD1822808E5040035F0C5 /* Build configuration list for PBXProject "CryptoApp" */;
			compatibilityVersion = "Xcode 13.0";
			developmentRegion = en;
			hasScannedForEncodings = 0;
			knownRegions = (
				en,
				Base,
			);
			mainGroup = 838AD17E2808E5040035F0C5;
			productRefGroup = 838AD1882808E5040035F0C5 /* Products */;
			projectDirPath = "";
			projectRoot = "";
			targets = (
				838AD1862808E5040035F0C5 /* CryptoApp */,
			);
		};
/* End PBXProject section */

/* Begin PBXResourcesBuildPhase section */
		838AD1852808E5040035F0C5 /* Resources */ = {
			isa = PBXResourcesBuildPhase;
			buildActionMask = 2147483647;
			files = (
				838AD1922808E5050035F0C5 /* Preview Assets.xcassets in Resources */,
				838AD18F2808E5050035F0C5 /* Assets.xcassets in Resources */,
			);
			runOnlyForDeploymentPostprocessing = 0;
		};
/* End PBXResourcesBuildPhase section */

/* Begin PBXSourcesBuildPhase section */
		838AD1832808E5040035F0C5 /* Sources */ = {
			isa = PBXSourcesBuildPhase;
			buildActionMask = 2147483647;
			files = (
				836E86492809A2C5006EB6D9 /* CoinDataService.swift in Sources */,
				838AD1AE280907C40035F0C5 /* CoinRowView.swift in Sources */,
				838AD1B4280916FE0035F0C5 /* HomeViewModel.swift in Sources */,
				838AD1A22808F0C10035F0C5 /* CircleButton.swift in Sources */,
				839CD1E6281C80EF00DFC77B /* LocalFileManager.swift in Sources */,
				838AD18D2808E5040035F0C5 /* ContentView.swift in Sources */,
				839CD1E0281C60EB00DFC77B /* CoinImageView.swift in Sources */,
				838AD19F2808EE130035F0C5 /* HomeView.swift in Sources */,
				839CD1EA281DD50800DFC77B /* UIApplication.swift in Sources */,
				838AD18B2808E5040035F0C5 /* CryptoAppApp.swift in Sources */,
				838AD19A2808EAB50035F0C5 /* Color.swift in Sources */,
				839CD1E8281DD12700DFC77B /* SearchBarView.swift in Sources */,
				836E864C28161B4B006EB6D9 /* NetworkingManager.swift in Sources */,
				838AD1A42808F5310035F0C5 /* CircleButtonAnimationView.swift in Sources */,
				839CD1E4281C66F300DFC77B /* CoinImageViewModel.swift in Sources */,
				838AD1B0280908290035F0C5 /* PreviewProvider.swift in Sources */,
				838AD1B228090C630035F0C5 /* Double.swift in Sources */,
				839CD1E2281C629E00DFC77B /* CoinImageService.swift in Sources */,
				838AD1AC280901620035F0C5 /* CoinModel.swift in Sources */,
			);
			runOnlyForDeploymentPostprocessing = 0;
		};
/* End PBXSourcesBuildPhase section */

/* Begin XCBuildConfiguration section */
		838AD1932808E5050035F0C5 /* Debug */ = {
			isa = XCBuildConfiguration;
			buildSettings = {
				ALWAYS_SEARCH_USER_PATHS = NO;
				CLANG_ANALYZER_NONNULL = YES;
				CLANG_ANALYZER_NUMBER_OBJECT_CONVERSION = YES_AGGRESSIVE;
				CLANG_CXX_LANGUAGE_STANDARD = "gnu++17";
				CLANG_ENABLE_MODULES = YES;
				CLANG_ENABLE_OBJC_ARC = YES;
				CLANG_ENABLE_OBJC_WEAK = YES;
				CLANG_WARN_BLOCK_CAPTURE_AUTORELEASING = YES;
				CLANG_WARN_BOOL_CONVERSION = YES;
				CLANG_WARN_COMMA = YES;
				CLANG_WARN_CONSTANT_CONVERSION = YES;
				CLANG_WARN_DEPRECATED_OBJC_IMPLEMENTATIONS = YES;
				CLANG_WARN_DIRECT_OBJC_ISA_USAGE = YES_ERROR;
				CLANG_WARN_DOCUMENTATION_COMMENTS = YES;
				CLANG_WARN_EMPTY_BODY = YES;
				CLANG_WARN_ENUM_CONVERSION = YES;
				CLANG_WARN_INFINITE_RECURSION = YES;
				CLANG_WARN_INT_CONVERSION = YES;
				CLANG_WARN_NON_LITERAL_NULL_CONVERSION = YES;
				CLANG_WARN_OBJC_IMPLICIT_RETAIN_SELF = YES;
				CLANG_WARN_OBJC_LITERAL_CONVERSION = YES;
				CLANG_WARN_OBJC_ROOT_CLASS = YES_ERROR;
				CLANG_WARN_QUOTED_INCLUDE_IN_FRAMEWORK_HEADER = YES;
				CLANG_WARN_RANGE_LOOP_ANALYSIS = YES;
				CLANG_WARN_STRICT_PROTOTYPES = YES;
				CLANG_WARN_SUSPICIOUS_MOVE = YES;
				CLANG_WARN_UNGUARDED_AVAILABILITY = YES_AGGRESSIVE;
				CLANG_WARN_UNREACHABLE_CODE = YES;
				CLANG_WARN__DUPLICATE_METHOD_MATCH = YES;
				COPY_PHASE_STRIP = NO;
				DEBUG_INFORMATION_FORMAT = dwarf;
				ENABLE_STRICT_OBJC_MSGSEND = YES;
				ENABLE_TESTABILITY = YES;
				GCC_C_LANGUAGE_STANDARD = gnu11;
				GCC_DYNAMIC_NO_PIC = NO;
				GCC_NO_COMMON_BLOCKS = YES;
				GCC_OPTIMIZATION_LEVEL = 0;
				GCC_PREPROCESSOR_DEFINITIONS = (
					"DEBUG=1",
					"$(inherited)",
				);
				GCC_WARN_64_TO_32_BIT_CONVERSION = YES;
				GCC_WARN_ABOUT_RETURN_TYPE = YES_ERROR;
				GCC_WARN_UNDECLARED_SELECTOR = YES;
				GCC_WARN_UNINITIALIZED_AUTOS = YES_AGGRESSIVE;
				GCC_WARN_UNUSED_FUNCTION = YES;
				GCC_WARN_UNUSED_VARIABLE = YES;
				IPHONEOS_DEPLOYMENT_TARGET = 15.4;
				MTL_ENABLE_DEBUG_INFO = INCLUDE_SOURCE;
				MTL_FAST_MATH = YES;
				ONLY_ACTIVE_ARCH = YES;
				SDKROOT = iphoneos;
				SWIFT_ACTIVE_COMPILATION_CONDITIONS = DEBUG;
				SWIFT_OPTIMIZATION_LEVEL = "-Onone";
			};
			name = Debug;
		};
		838AD1942808E5050035F0C5 /* Release */ = {
			isa = XCBuildConfiguration;
			buildSettings = {
				ALWAYS_SEARCH_USER_PATHS = NO;
				CLANG_ANALYZER_NONNULL = YES;
				CLANG_ANALYZER_NUMBER_OBJECT_CONVERSION = YES_AGGRESSIVE;
				CLANG_CXX_LANGUAGE_STANDARD = "gnu++17";
				CLANG_ENABLE_MODULES = YES;
				CLANG_ENABLE_OBJC_ARC = YES;
				CLANG_ENABLE_OBJC_WEAK = YES;
				CLANG_WARN_BLOCK_CAPTURE_AUTORELEASING = YES;
				CLANG_WARN_BOOL_CONVERSION = YES;
				CLANG_WARN_COMMA = YES;
				CLANG_WARN_CONSTANT_CONVERSION = YES;
				CLANG_WARN_DEPRECATED_OBJC_IMPLEMENTATIONS = YES;
				CLANG_WARN_DIRECT_OBJC_ISA_USAGE = YES_ERROR;
				CLANG_WARN_DOCUMENTATION_COMMENTS = YES;
				CLANG_WARN_EMPTY_BODY = YES;
				CLANG_WARN_ENUM_CONVERSION = YES;
				CLANG_WARN_INFINITE_RECURSION = YES;
				CLANG_WARN_INT_CONVERSION = YES;
				CLANG_WARN_NON_LITERAL_NULL_CONVERSION = YES;
				CLANG_WARN_OBJC_IMPLICIT_RETAIN_SELF = YES;
				CLANG_WARN_OBJC_LITERAL_CONVERSION = YES;
				CLANG_WARN_OBJC_ROOT_CLASS = YES_ERROR;
				CLANG_WARN_QUOTED_INCLUDE_IN_FRAMEWORK_HEADER = YES;
				CLANG_WARN_RANGE_LOOP_ANALYSIS = YES;
				CLANG_WARN_STRICT_PROTOTYPES = YES;
				CLANG_WARN_SUSPICIOUS_MOVE = YES;
				CLANG_WARN_UNGUARDED_AVAILABILITY = YES_AGGRESSIVE;
				CLANG_WARN_UNREACHABLE_CODE = YES;
				CLANG_WARN__DUPLICATE_METHOD_MATCH = YES;
				COPY_PHASE_STRIP = NO;
				DEBUG_INFORMATION_FORMAT = "dwarf-with-dsym";
				ENABLE_NS_ASSERTIONS = NO;
				ENABLE_STRICT_OBJC_MSGSEND = YES;
				GCC_C_LANGUAGE_STANDARD = gnu11;
				GCC_NO_COMMON_BLOCKS = YES;
				GCC_WARN_64_TO_32_BIT_CONVERSION = YES;
				GCC_WARN_ABOUT_RETURN_TYPE = YES_ERROR;
				GCC_WARN_UNDECLARED_SELECTOR = YES;
				GCC_WARN_UNINITIALIZED_AUTOS = YES_AGGRESSIVE;
				GCC_WARN_UNUSED_FUNCTION = YES;
				GCC_WARN_UNUSED_VARIABLE = YES;
				IPHONEOS_DEPLOYMENT_TARGET = 15.4;
				MTL_ENABLE_DEBUG_INFO = NO;
				MTL_FAST_MATH = YES;
				SDKROOT = iphoneos;
				SWIFT_COMPILATION_MODE = wholemodule;
				SWIFT_OPTIMIZATION_LEVEL = "-O";
				VALIDATE_PRODUCT = YES;
			};
			name = Release;
		};
		838AD1962808E5050035F0C5 /* Debug */ = {
			isa = XCBuildConfiguration;
			buildSettings = {
				ASSETCATALOG_COMPILER_APPICON_NAME = AppIcon;
				ASSETCATALOG_COMPILER_GLOBAL_ACCENT_COLOR_NAME = AccentColor;
				CODE_SIGN_STYLE = Automatic;
				CURRENT_PROJECT_VERSION = 1;
				DEVELOPMENT_ASSET_PATHS = "\"CryptoApp/Preview Content\"";
				DEVELOPMENT_TEAM = 84LWTY6T5F;
				ENABLE_PREVIEWS = YES;
				GENERATE_INFOPLIST_FILE = YES;
				INFOPLIST_KEY_UIApplicationSceneManifest_Generation = YES;
				INFOPLIST_KEY_UIApplicationSupportsIndirectInputEvents = YES;
				INFOPLIST_KEY_UILaunchScreen_Generation = YES;
				INFOPLIST_KEY_UISupportedInterfaceOrientations = UIInterfaceOrientationPortrait;
				INFOPLIST_KEY_UISupportedInterfaceOrientations_iPad = "UIInterfaceOrientationPortrait UIInterfaceOrientationPortraitUpsideDown UIInterfaceOrientationLandscapeLeft UIInterfaceOrientationLandscapeRight";
				INFOPLIST_KEY_UISupportedInterfaceOrientations_iPhone = "UIInterfaceOrientationPortrait UIInterfaceOrientationLandscapeLeft UIInterfaceOrientationLandscapeRight";
				IPHONEOS_DEPLOYMENT_TARGET = 15.0;
				LD_RUNPATH_SEARCH_PATHS = (
					"$(inherited)",
					"@executable_path/Frameworks",
				);
				MARKETING_VERSION = 1.0;
				PRODUCT_BUNDLE_IDENTIFIER = com.DocsApps.CryptoApp;
				PRODUCT_NAME = "$(TARGET_NAME)";
				SWIFT_EMIT_LOC_STRINGS = YES;
				SWIFT_VERSION = 5.0;
				TARGETED_DEVICE_FAMILY = "1,2";
			};
			name = Debug;
		};
		838AD1972808E5050035F0C5 /* Release */ = {
			isa = XCBuildConfiguration;
			buildSettings = {
				ASSETCATALOG_COMPILER_APPICON_NAME = AppIcon;
				ASSETCATALOG_COMPILER_GLOBAL_ACCENT_COLOR_NAME = AccentColor;
				CODE_SIGN_STYLE = Automatic;
				CURRENT_PROJECT_VERSION = 1;
				DEVELOPMENT_ASSET_PATHS = "\"CryptoApp/Preview Content\"";
				DEVELOPMENT_TEAM = 84LWTY6T5F;
				ENABLE_PREVIEWS = YES;
				GENERATE_INFOPLIST_FILE = YES;
				INFOPLIST_KEY_UIApplicationSceneManifest_Generation = YES;
				INFOPLIST_KEY_UIApplicationSupportsIndirectInputEvents = YES;
				INFOPLIST_KEY_UILaunchScreen_Generation = YES;
				INFOPLIST_KEY_UISupportedInterfaceOrientations = UIInterfaceOrientationPortrait;
				INFOPLIST_KEY_UISupportedInterfaceOrientations_iPad = "UIInterfaceOrientationPortrait UIInterfaceOrientationPortraitUpsideDown UIInterfaceOrientationLandscapeLeft UIInterfaceOrientationLandscapeRight";
				INFOPLIST_KEY_UISupportedInterfaceOrientations_iPhone = "UIInterfaceOrientationPortrait UIInterfaceOrientationLandscapeLeft UIInterfaceOrientationLandscapeRight";
				IPHONEOS_DEPLOYMENT_TARGET = 15.0;
				LD_RUNPATH_SEARCH_PATHS = (
					"$(inherited)",
					"@executable_path/Frameworks",
				);
				MARKETING_VERSION = 1.0;
				PRODUCT_BUNDLE_IDENTIFIER = com.DocsApps.CryptoApp;
				PRODUCT_NAME = "$(TARGET_NAME)";
				SWIFT_EMIT_LOC_STRINGS = YES;
				SWIFT_VERSION = 5.0;
				TARGETED_DEVICE_FAMILY = "1,2";
			};
			name = Release;
		};
/* End XCBuildConfiguration section */

/* Begin XCConfigurationList section */
		838AD1822808E5040035F0C5 /* Build configuration list for PBXProject "CryptoApp" */ = {
			isa = XCConfigurationList;
			buildConfigurations = (
				838AD1932808E5050035F0C5 /* Debug */,
				838AD1942808E5050035F0C5 /* Release */,
			);
			defaultConfigurationIsVisible = 0;
			defaultConfigurationName = Release;
		};
		838AD1952808E5050035F0C5 /* Build configuration list for PBXNativeTarget "CryptoApp" */ = {
			isa = XCConfigurationList;
			buildConfigurations = (
				838AD1962808E5050035F0C5 /* Debug */,
				838AD1972808E5050035F0C5 /* Release */,
			);
			defaultConfigurationIsVisible = 0;
			defaultConfigurationName = Release;
		};
/* End XCConfigurationList section */
	};
	rootObject = 838AD17F2808E5040035F0C5 /* Project object */;
}
